
Microsoft Visual Studio Solution File, Format Version 12.00
# Visual Studio Version 17
VisualStudioVersion = 17.13.35806.99 d17.13
MinimumVisualStudioVersion = 10.0.40219.1
Project("{FAE04EC0-301F-11D3-BF4B-00C04F79EFBC}") = "ProGitForProgrammers", "ProGitForProgrammers.csproj", "{459C0076-9C86-4EDB-92FA-1FFD548F0E6C}"
EndProject
Global
	GlobalSection(SolutionConfigurationPlatforms) = preSolution
		Debug|Any CPU = Debug|Any CPU
		Release|Any CPU = Release|Any CPU
	EndGlobalSection
	GlobalSection(ProjectConfigurationPlatforms) = postSolution
		{459C0076-9C86-4EDB-92FA-1FFD548F0E6C}.Debug|Any CPU.ActiveCfg = Debug|Any CPU
		{459C0076-9C86-4EDB-92FA-1FFD548F0E6C}.Debug|Any CPU.Build.0 = Debug|Any CPU
		{459C0076-9C86-4EDB-92FA-1FFD548F0E6C}.Release|Any CPU.ActiveCfg = Release|Any CPU
		{459C0076-9C86-4EDB-92FA-1FFD548F0E6C}.Release|Any CPU.Build.0 = Release|Any CPU
	EndGlobalSection
	GlobalSection(SolutionProperties) = preSolution
		HideSolutionNode = FALSE
	EndGlobalSection
	GlobalSection(ExtensibilityGlobals) = postSolution
		SolutionGuid = {7325C9F8-4E75-4737-A1D2-41293EC377B4}
	EndGlobalSection
EndGlobal
