
Microsoft Visual Studio Solution File, Format Version 12.00
# Visual Studio Version 17
VisualStudioVersion = 17.13.35806.99 d17.13
MinimumVisualStudioVersion = 10.0.40219.1
Project("{FAE04EC0-301F-11D3-BF4B-00C04F79EFBC}") = "ProGitForProgrammers", "ProGitForProgrammers.csproj", "{CA4CDDCA-F871-4386-ABEB-25725F7AE21A}"
EndProject
Global
	GlobalSection(SolutionConfigurationPlatforms) = preSolution
		Debug|Any CPU = Debug|Any CPU
		Release|Any CPU = Release|Any CPU
	EndGlobalSection
	GlobalSection(ProjectConfigurationPlatforms) = postSolution
		{CA4CDDCA-F871-4386-ABEB-25725F7AE21A}.Debug|Any CPU.ActiveCfg = Debug|Any CPU
		{CA4CDDCA-F871-4386-ABEB-25725F7AE21A}.Debug|Any CPU.Build.0 = Debug|Any CPU
		{CA4CDDCA-F871-4386-ABEB-25725F7AE21A}.Release|Any CPU.ActiveCfg = Release|Any CPU
		{CA4CDDCA-F871-4386-ABEB-25725F7AE21A}.Release|Any CPU.Build.0 = Release|Any CPU
	EndGlobalSection
	GlobalSection(SolutionProperties) = preSolution
		HideSolutionNode = FALSE
	EndGlobalSection
	GlobalSection(ExtensibilityGlobals) = postSolution
		SolutionGuid = {2C24CF61-6CE2-4718-A59D-37E03276E34A}
	EndGlobalSection
EndGlobal
